
Microsoft Visual Studio Solution File, Format Version 12.00
# Visual Studio Version 16
VisualStudioVersion = 16.0.31702.278
MinimumVisualStudioVersion = 10.0.40219.1
Project("{FAE04EC0-301F-11D3-BF4B-00C04F79EFBC}") = "Voxel Tycoon Open Library", "Voxel Tycoon Open Library\Voxel Tycoon Open Library.csproj", "{F94D8BCE-5E87-4A71-9A1E-3DBEEDAB588E}"
EndProject
Project("{FAE04EC0-301F-11D3-BF4B-00C04F79EFBC}") = "VTOL.DevTools", "utils\VTOL.DevTools.csproj", "{7F7DCA8B-83DE-4463-B00F-711B951855CA}"
EndProject
Global
	GlobalSection(SolutionConfigurationPlatforms) = preSolution
		Debug|Any CPU = Debug|Any CPU
		Release|Any CPU = Release|Any CPU
	EndGlobalSection
	GlobalSection(ProjectConfigurationPlatforms) = postSolution
		{F94D8BCE-5E87-4A71-9A1E-3DBEEDAB588E}.Debug|Any CPU.ActiveCfg = Debug|Any CPU
		{F94D8BCE-5E87-4A71-9A1E-3DBEEDAB588E}.Debug|Any CPU.Build.0 = Debug|Any CPU
		{F94D8BCE-5E87-4A71-9A1E-3DBEEDAB588E}.Release|Any CPU.ActiveCfg = Release|Any CPU
		{F94D8BCE-5E87-4A71-9A1E-3DBEEDAB588E}.Release|Any CPU.Build.0 = Release|Any CPU
		{7F7DCA8B-83DE-4463-B00F-711B951855CA}.Debug|Any CPU.ActiveCfg = Debug|Any CPU
		{7F7DCA8B-83DE-4463-B00F-711B951855CA}.Release|Any CPU.ActiveCfg = Release|Any CPU
	EndGlobalSection
	GlobalSection(SolutionProperties) = preSolution
		HideSolutionNode = FALSE
	EndGlobalSection
	GlobalSection(ExtensibilityGlobals) = postSolution
		SolutionGuid = {70641F41-0111-4267-A54A-297BD66ED8C3}
	EndGlobalSection
EndGlobal
